
Microsoft Visual Studio Solution File, Format Version 12.00
# Visual Studio 2013
VisualStudioVersion = 12.0.21005.1
MinimumVisualStudioVersion = 10.0.40219.1
Project("{FAE04EC0-301F-11D3-BF4B-00C04F79EFBC}") = "CodeAnalysis", "CodeAnalysis\CodeAnalysis.csproj", "{FEAD43C9-7D7F-46CB-B9AB-A5D80151A917}"
EndProject
Project("{FAE04EC0-301F-11D3-BF4B-00C04F79EFBC}") = "LoggerLib", "LoggerLib\LoggerLib.csproj", "{082C46B7-1E0D-4FE6-ADCD-DEE5979742CF}"
EndProject
Project("{FAE04EC0-301F-11D3-BF4B-00C04F79EFBC}") = "HouseBuilding", "HouseBuildingForLogging\HouseBuilding.csproj", "{0FA2ADBF-7541-4E39-9E61-3FA2A238ACEF}"
EndProject
Global
	GlobalSection(SolutionConfigurationPlatforms) = preSolution
		Debug|Any CPU = Debug|Any CPU
		Release|Any CPU = Release|Any CPU
	EndGlobalSection
	GlobalSection(ProjectConfigurationPlatforms) = postSolution
		{FEAD43C9-7D7F-46CB-B9AB-A5D80151A917}.Debug|Any CPU.ActiveCfg = Debug|Any CPU
		{FEAD43C9-7D7F-46CB-B9AB-A5D80151A917}.Debug|Any CPU.Build.0 = Debug|Any CPU
		{FEAD43C9-7D7F-46CB-B9AB-A5D80151A917}.Release|Any CPU.ActiveCfg = Release|Any CPU
		{FEAD43C9-7D7F-46CB-B9AB-A5D80151A917}.Release|Any CPU.Build.0 = Release|Any CPU
		{082C46B7-1E0D-4FE6-ADCD-DEE5979742CF}.Debug|Any CPU.ActiveCfg = Debug|Any CPU
		{082C46B7-1E0D-4FE6-ADCD-DEE5979742CF}.Debug|Any CPU.Build.0 = Debug|Any CPU
		{082C46B7-1E0D-4FE6-ADCD-DEE5979742CF}.Release|Any CPU.ActiveCfg = Release|Any CPU
		{082C46B7-1E0D-4FE6-ADCD-DEE5979742CF}.Release|Any CPU.Build.0 = Release|Any CPU
		{0FA2ADBF-7541-4E39-9E61-3FA2A238ACEF}.Debug|Any CPU.ActiveCfg = Debug|Any CPU
		{0FA2ADBF-7541-4E39-9E61-3FA2A238ACEF}.Debug|Any CPU.Build.0 = Debug|Any CPU
		{0FA2ADBF-7541-4E39-9E61-3FA2A238ACEF}.Release|Any CPU.ActiveCfg = Release|Any CPU
		{0FA2ADBF-7541-4E39-9E61-3FA2A238ACEF}.Release|Any CPU.Build.0 = Release|Any CPU
	EndGlobalSection
	GlobalSection(SolutionProperties) = preSolution
		HideSolutionNode = FALSE
	EndGlobalSection
EndGlobal
