
Microsoft Visual Studio Solution File, Format Version 12.00
# Visual Studio 14
VisualStudioVersion = 14.0.23107.0
MinimumVisualStudioVersion = 10.0.40219.1
Project("{FAE04EC0-301F-11D3-BF4B-00C04F79EFBC}") = "BankMap", "BankMap.csproj", "{4C2FC62B-025D-4518-8F99-E4B702313D9B}"
EndProject
Project("{FAE04EC0-301F-11D3-BF4B-00C04F79EFBC}") = "BankApplication", "..\BankApplication\BankApplication.csproj", "{0483CFCB-CA16-4CA7-8818-0EFC30BD6C8A}"
EndProject
Global
	GlobalSection(SolutionConfigurationPlatforms) = preSolution
		Debug|Any CPU = Debug|Any CPU
		Release|Any CPU = Release|Any CPU
	EndGlobalSection
	GlobalSection(ProjectConfigurationPlatforms) = postSolution
		{4C2FC62B-025D-4518-8F99-E4B702313D9B}.Debug|Any CPU.ActiveCfg = Debug|Any CPU
		{4C2FC62B-025D-4518-8F99-E4B702313D9B}.Debug|Any CPU.Build.0 = Debug|Any CPU
		{4C2FC62B-025D-4518-8F99-E4B702313D9B}.Release|Any CPU.ActiveCfg = Release|Any CPU
		{4C2FC62B-025D-4518-8F99-E4B702313D9B}.Release|Any CPU.Build.0 = Release|Any CPU
		{0483CFCB-CA16-4CA7-8818-0EFC30BD6C8A}.Debug|Any CPU.ActiveCfg = Debug|Any CPU
		{0483CFCB-CA16-4CA7-8818-0EFC30BD6C8A}.Debug|Any CPU.Build.0 = Debug|Any CPU
		{0483CFCB-CA16-4CA7-8818-0EFC30BD6C8A}.Release|Any CPU.ActiveCfg = Release|Any CPU
		{0483CFCB-CA16-4CA7-8818-0EFC30BD6C8A}.Release|Any CPU.Build.0 = Release|Any CPU
	EndGlobalSection
	GlobalSection(SolutionProperties) = preSolution
		HideSolutionNode = FALSE
	EndGlobalSection
EndGlobal
