
Microsoft Visual Studio Solution File, Format Version 12.00
# Visual Studio 2013
VisualStudioVersion = 12.0.21005.1
MinimumVisualStudioVersion = 10.0.40219.1
Project("{FAE04EC0-301F-11D3-BF4B-00C04F79EFBC}") = "Figures", "Figures\Figures.csproj", "{554AEC51-04D5-4D19-ABC3-28EC06A05936}"
EndProject
Project("{FAE04EC0-301F-11D3-BF4B-00C04F79EFBC}") = "LongWayCar", "LongWayCar\LongWayCar.csproj", "{8449C0B7-2E0F-4C52-BAC0-25CD5BB5AB2A}"
EndProject
Project("{FAE04EC0-301F-11D3-BF4B-00C04F79EFBC}") = "CarRace", "CarRace\CarRace.csproj", "{6C145C91-2F76-4AF7-80D7-B00E8437D7B9}"
EndProject
Global
	GlobalSection(SolutionConfigurationPlatforms) = preSolution
		Debug|Any CPU = Debug|Any CPU
		Release|Any CPU = Release|Any CPU
	EndGlobalSection
	GlobalSection(ProjectConfigurationPlatforms) = postSolution
		{554AEC51-04D5-4D19-ABC3-28EC06A05936}.Debug|Any CPU.ActiveCfg = Debug|Any CPU
		{554AEC51-04D5-4D19-ABC3-28EC06A05936}.Debug|Any CPU.Build.0 = Debug|Any CPU
		{554AEC51-04D5-4D19-ABC3-28EC06A05936}.Release|Any CPU.ActiveCfg = Release|Any CPU
		{554AEC51-04D5-4D19-ABC3-28EC06A05936}.Release|Any CPU.Build.0 = Release|Any CPU
		{8449C0B7-2E0F-4C52-BAC0-25CD5BB5AB2A}.Debug|Any CPU.ActiveCfg = Debug|Any CPU
		{8449C0B7-2E0F-4C52-BAC0-25CD5BB5AB2A}.Debug|Any CPU.Build.0 = Debug|Any CPU
		{8449C0B7-2E0F-4C52-BAC0-25CD5BB5AB2A}.Release|Any CPU.ActiveCfg = Release|Any CPU
		{8449C0B7-2E0F-4C52-BAC0-25CD5BB5AB2A}.Release|Any CPU.Build.0 = Release|Any CPU
		{6C145C91-2F76-4AF7-80D7-B00E8437D7B9}.Debug|Any CPU.ActiveCfg = Debug|Any CPU
		{6C145C91-2F76-4AF7-80D7-B00E8437D7B9}.Debug|Any CPU.Build.0 = Debug|Any CPU
		{6C145C91-2F76-4AF7-80D7-B00E8437D7B9}.Release|Any CPU.ActiveCfg = Release|Any CPU
		{6C145C91-2F76-4AF7-80D7-B00E8437D7B9}.Release|Any CPU.Build.0 = Release|Any CPU
	EndGlobalSection
	GlobalSection(SolutionProperties) = preSolution
		HideSolutionNode = FALSE
	EndGlobalSection
EndGlobal
