
Microsoft Visual Studio Solution File, Format Version 12.00
# Visual Studio 2013
VisualStudioVersion = 12.0.21005.1
MinimumVisualStudioVersion = 10.0.40219.1
Project("{FAE04EC0-301F-11D3-BF4B-00C04F79EFBC}") = "TankWar", "TankWar\TankWar.csproj", "{986FDEC8-8CBE-4B1F-86C7-8393DA3941C6}"
	ProjectSection(ProjectDependencies) = postProject
		{891FB5C6-50EB-4A79-8F06-4D77C9BE9602} = {891FB5C6-50EB-4A79-8F06-4D77C9BE9602}
	EndProjectSection
EndProject
Project("{FAE04EC0-301F-11D3-BF4B-00C04F79EFBC}") = "MyClassLib", "MyClassLib\MyClassLib.csproj", "{891FB5C6-50EB-4A79-8F06-4D77C9BE9602}"
EndProject
Project("{FAE04EC0-301F-11D3-BF4B-00C04F79EFBC}") = "RevolutionArray", "RevolutionArray\RevolutionArray.csproj", "{0E35163B-C693-4A6C-A7F0-4544981127A8}"
EndProject
Project("{FAE04EC0-301F-11D3-BF4B-00C04F79EFBC}") = "ATM", "ATM\ATM.csproj", "{BDD8478D-D23C-44A9-9109-333B776EFF80}"
	ProjectSection(ProjectDependencies) = postProject
		{891FB5C6-50EB-4A79-8F06-4D77C9BE9602} = {891FB5C6-50EB-4A79-8F06-4D77C9BE9602}
	EndProjectSection
EndProject
Global
	GlobalSection(SolutionConfigurationPlatforms) = preSolution
		Debug|Any CPU = Debug|Any CPU
		Release|Any CPU = Release|Any CPU
	EndGlobalSection
	GlobalSection(ProjectConfigurationPlatforms) = postSolution
		{986FDEC8-8CBE-4B1F-86C7-8393DA3941C6}.Debug|Any CPU.ActiveCfg = Debug|Any CPU
		{986FDEC8-8CBE-4B1F-86C7-8393DA3941C6}.Debug|Any CPU.Build.0 = Debug|Any CPU
		{986FDEC8-8CBE-4B1F-86C7-8393DA3941C6}.Release|Any CPU.ActiveCfg = Release|Any CPU
		{986FDEC8-8CBE-4B1F-86C7-8393DA3941C6}.Release|Any CPU.Build.0 = Release|Any CPU
		{891FB5C6-50EB-4A79-8F06-4D77C9BE9602}.Debug|Any CPU.ActiveCfg = Debug|Any CPU
		{891FB5C6-50EB-4A79-8F06-4D77C9BE9602}.Debug|Any CPU.Build.0 = Debug|Any CPU
		{891FB5C6-50EB-4A79-8F06-4D77C9BE9602}.Release|Any CPU.ActiveCfg = Release|Any CPU
		{891FB5C6-50EB-4A79-8F06-4D77C9BE9602}.Release|Any CPU.Build.0 = Release|Any CPU
		{0E35163B-C693-4A6C-A7F0-4544981127A8}.Debug|Any CPU.ActiveCfg = Debug|Any CPU
		{0E35163B-C693-4A6C-A7F0-4544981127A8}.Debug|Any CPU.Build.0 = Debug|Any CPU
		{0E35163B-C693-4A6C-A7F0-4544981127A8}.Release|Any CPU.ActiveCfg = Release|Any CPU
		{0E35163B-C693-4A6C-A7F0-4544981127A8}.Release|Any CPU.Build.0 = Release|Any CPU
		{BDD8478D-D23C-44A9-9109-333B776EFF80}.Debug|Any CPU.ActiveCfg = Debug|Any CPU
		{BDD8478D-D23C-44A9-9109-333B776EFF80}.Debug|Any CPU.Build.0 = Debug|Any CPU
		{BDD8478D-D23C-44A9-9109-333B776EFF80}.Release|Any CPU.ActiveCfg = Release|Any CPU
		{BDD8478D-D23C-44A9-9109-333B776EFF80}.Release|Any CPU.Build.0 = Release|Any CPU
	EndGlobalSection
	GlobalSection(SolutionProperties) = preSolution
		HideSolutionNode = FALSE
	EndGlobalSection
EndGlobal
